
Microsoft Visual Studio Solution File, Format Version 12.00
# Visual Studio Version 17
VisualStudioVersion = 17.0.32014.148
MinimumVisualStudioVersion = 10.0.40219.1
Project("{FAE04EC0-301F-11D3-BF4B-00C04F79EFBC}") = "FunctionSorts", "FunctionSorts\FunctionSorts.csproj", "{918D4BD9-8AB6-4B17-BE19-1E3CC2F06818}"
EndProject
Global
	GlobalSection(SolutionConfigurationPlatforms) = preSolution
		Debug|Any CPU = Debug|Any CPU
		Release|Any CPU = Release|Any CPU
	EndGlobalSection
	GlobalSection(ProjectConfigurationPlatforms) = postSolution
		{918D4BD9-8AB6-4B17-BE19-1E3CC2F06818}.Debug|Any CPU.ActiveCfg = Debug|Any CPU
		{918D4BD9-8AB6-4B17-BE19-1E3CC2F06818}.Debug|Any CPU.Build.0 = Debug|Any CPU
		{918D4BD9-8AB6-4B17-BE19-1E3CC2F06818}.Release|Any CPU.ActiveCfg = Release|Any CPU
		{918D4BD9-8AB6-4B17-BE19-1E3CC2F06818}.Release|Any CPU.Build.0 = Release|Any CPU
	EndGlobalSection
	GlobalSection(SolutionProperties) = preSolution
		HideSolutionNode = FALSE
	EndGlobalSection
	GlobalSection(ExtensibilityGlobals) = postSolution
		SolutionGuid = {6ECD9949-2FD8-42A7-9B45-EF9F84BBD55A}
	EndGlobalSection
EndGlobal
